
Microsoft Visual Studio Solution File, Format Version 12.00
# Visual Studio Version 17
VisualStudioVersion = 17.5.002.0
MinimumVisualStudioVersion = 10.0.40219.1
Project("{9A19103F-16F7-4668-BE54-9A1E7A4F7556}") = "1135724", "1135724.csproj", "{810FE22B-8068-47FD-BBB9-9AC3163AC82D}"
EndProject
Global
	GlobalSection(SolutionConfigurationPlatforms) = preSolution
		Debug|Any CPU = Debug|Any CPU
		Release|Any CPU = Release|Any CPU
	EndGlobalSection
	GlobalSection(ProjectConfigurationPlatforms) = postSolution
		{810FE22B-8068-47FD-BBB9-9AC3163AC82D}.Debug|Any CPU.ActiveCfg = Debug|Any CPU
		{810FE22B-8068-47FD-BBB9-9AC3163AC82D}.Debug|Any CPU.Build.0 = Debug|Any CPU
		{810FE22B-8068-47FD-BBB9-9AC3163AC82D}.Release|Any CPU.ActiveCfg = Release|Any CPU
		{810FE22B-8068-47FD-BBB9-9AC3163AC82D}.Release|Any CPU.Build.0 = Release|Any CPU
	EndGlobalSection
	GlobalSection(SolutionProperties) = preSolution
		HideSolutionNode = FALSE
	EndGlobalSection
	GlobalSection(ExtensibilityGlobals) = postSolution
		SolutionGuid = {D17EF1E5-65C1-4A0E-BC43-0B8A7FE5BD27}
	EndGlobalSection
EndGlobal
